
Microsoft Visual Studio Solution File, Format Version 12.00
# Visual Studio Version 17
VisualStudioVersion = 17.14.36401.2 d17.14
MinimumVisualStudioVersion = 10.0.40219.1
Project("{FAE04EC0-301F-11D3-BF4B-00C04F79EFBC}") = "CitasMedicas", "Reservas\CitasMedicas.csproj", "{C62BF4E3-B379-4858-890D-A1CB830622EC}"
EndProject
Global
	GlobalSection(SolutionConfigurationPlatforms) = preSolution
		Debug|Any CPU = Debug|Any CPU
		Release|Any CPU = Release|Any CPU
	EndGlobalSection
	GlobalSection(ProjectConfigurationPlatforms) = postSolution
		{C62BF4E3-B379-4858-890D-A1CB830622EC}.Debug|Any CPU.ActiveCfg = Debug|Any CPU
		{C62BF4E3-B379-4858-890D-A1CB830622EC}.Debug|Any CPU.Build.0 = Debug|Any CPU
		{C62BF4E3-B379-4858-890D-A1CB830622EC}.Release|Any CPU.ActiveCfg = Release|Any CPU
		{C62BF4E3-B379-4858-890D-A1CB830622EC}.Release|Any CPU.Build.0 = Release|Any CPU
	EndGlobalSection
	GlobalSection(SolutionProperties) = preSolution
		HideSolutionNode = FALSE
	EndGlobalSection
	GlobalSection(ExtensibilityGlobals) = postSolution
		SolutionGuid = {A0DE5DB4-3526-4C25-A9F5-9D47E8F57987}
	EndGlobalSection
EndGlobal
